
Microsoft Visual Studio Solution File, Format Version 12.00
# Visual Studio 2013
VisualStudioVersion = 12.0.30501.0
MinimumVisualStudioVersion = 10.0.40219.1
Project("{FAE04EC0-301F-11D3-BF4B-00C04F79EFBC}") = "01.StringBuilderExtension", "01.StringBuilderExtension\01.StringBuilderExtension.csproj", "{9E785802-345C-462A-AE0A-F2B5023612C7}"
EndProject
Project("{FAE04EC0-301F-11D3-BF4B-00C04F79EFBC}") = "03.ClassStudent", "03.ClassStudent\03.ClassStudent.csproj", "{734462B0-DE93-4950-813C-66982E98999E}"
EndProject
Project("{FAE04EC0-301F-11D3-BF4B-00C04F79EFBC}") = "02.CostumLINQExtensionMethods", "02.CostumLINQExtensionMethods\02.CostumLINQExtensionMethods.csproj", "{3A998F82-A7D4-4360-8816-535372BD7387}"
EndProject
Global
	GlobalSection(SolutionConfigurationPlatforms) = preSolution
		Debug|Any CPU = Debug|Any CPU
		Release|Any CPU = Release|Any CPU
	EndGlobalSection
	GlobalSection(ProjectConfigurationPlatforms) = postSolution
		{9E785802-345C-462A-AE0A-F2B5023612C7}.Debug|Any CPU.ActiveCfg = Debug|Any CPU
		{9E785802-345C-462A-AE0A-F2B5023612C7}.Debug|Any CPU.Build.0 = Debug|Any CPU
		{9E785802-345C-462A-AE0A-F2B5023612C7}.Release|Any CPU.ActiveCfg = Release|Any CPU
		{9E785802-345C-462A-AE0A-F2B5023612C7}.Release|Any CPU.Build.0 = Release|Any CPU
		{734462B0-DE93-4950-813C-66982E98999E}.Debug|Any CPU.ActiveCfg = Debug|Any CPU
		{734462B0-DE93-4950-813C-66982E98999E}.Debug|Any CPU.Build.0 = Debug|Any CPU
		{734462B0-DE93-4950-813C-66982E98999E}.Release|Any CPU.ActiveCfg = Release|Any CPU
		{734462B0-DE93-4950-813C-66982E98999E}.Release|Any CPU.Build.0 = Release|Any CPU
		{3A998F82-A7D4-4360-8816-535372BD7387}.Debug|Any CPU.ActiveCfg = Debug|Any CPU
		{3A998F82-A7D4-4360-8816-535372BD7387}.Debug|Any CPU.Build.0 = Debug|Any CPU
		{3A998F82-A7D4-4360-8816-535372BD7387}.Release|Any CPU.ActiveCfg = Release|Any CPU
		{3A998F82-A7D4-4360-8816-535372BD7387}.Release|Any CPU.Build.0 = Release|Any CPU
	EndGlobalSection
	GlobalSection(SolutionProperties) = preSolution
		HideSolutionNode = FALSE
	EndGlobalSection
EndGlobal
